
Microsoft Visual Studio Solution File, Format Version 12.00
# Visual Studio Version 16
VisualStudioVersion = 16.0.31112.23
MinimumVisualStudioVersion = 10.0.40219.1
Project("{FAE04EC0-301F-11D3-BF4B-00C04F79EFBC}") = "Assignment2", "Assignment2.csproj", "{11080A0A-DD25-4838-AD7C-E57C85767D42}"
EndProject
Global
	GlobalSection(SolutionConfigurationPlatforms) = preSolution
		Debug|Any CPU = Debug|Any CPU
		Release|Any CPU = Release|Any CPU
	EndGlobalSection
	GlobalSection(ProjectConfigurationPlatforms) = postSolution
		{11080A0A-DD25-4838-AD7C-E57C85767D42}.Debug|Any CPU.ActiveCfg = Debug|Any CPU
		{11080A0A-DD25-4838-AD7C-E57C85767D42}.Debug|Any CPU.Build.0 = Debug|Any CPU
		{11080A0A-DD25-4838-AD7C-E57C85767D42}.Release|Any CPU.ActiveCfg = Release|Any CPU
		{11080A0A-DD25-4838-AD7C-E57C85767D42}.Release|Any CPU.Build.0 = Release|Any CPU
	EndGlobalSection
	GlobalSection(SolutionProperties) = preSolution
		HideSolutionNode = FALSE
	EndGlobalSection
	GlobalSection(ExtensibilityGlobals) = postSolution
		SolutionGuid = {5FC15693-F912-48C5-8C94-79A5E737030E}
	EndGlobalSection
EndGlobal
